// !$*UTF8*$!
{
	archiveVersion = 1;
	classes = {
	};
	objectVersion = 46;
	objects = {

/* Begin PBXBuildFile section */
		D7B137011DC5C22D00F7B851 /* main.cpp in Sources */ = {isa = PBXBuildFile; fileRef = D7B137001DC5C22D00F7B851 /* main.cpp */; };
		D7B137091DC5D8C200F7B851 /* CoreFoundation.framework in Frameworks */ = {isa = PBXBuildFile; fileRef = D7B137081DC5D8C200F7B851 /* CoreFoundation.framework */; };
		D7B1370B1DC5D8CE00F7B851 /* IOKit.framework in Frameworks */ = {isa = PBXBuildFile; fileRef = D7B1370A1DC5D8CE00F7B851 /* IOKit.framework */; };
		D7B137111DC5D93D00F7B851 /* libconcert.a in Frameworks */ = {isa = PBXBuildFile; fileRef = D7B1370C1DC5D91000F7B851 /* libconcert.a */; };
		D7B137151DC5D95500F7B851 /* libcplex.a in Frameworks */ = {isa = PBXBuildFile; fileRef = D7B137121DC5D95400F7B851 /* libcplex.a */; };
		D7B137161DC5D95500F7B851 /* libcplexdistmip.a in Frameworks */ = {isa = PBXBuildFile; fileRef = D7B137131DC5D95400F7B851 /* libcplexdistmip.a */; };
		D7B137171DC5D95500F7B851 /* libilocplex.a in Frameworks */ = {isa = PBXBuildFile; fileRef = D7B137141DC5D95400F7B851 /* libilocplex.a */; };
		D7E499BD1DDC7D440002BE23 /* validation.cpp in Sources */ = {isa = PBXBuildFile; fileRef = D7E499BB1DDC7D440002BE23 /* validation.cpp */; };
		D7E499C31DDC82850002BE23 /* common_util.cpp in Sources */ = {isa = PBXBuildFile; fileRef = D7E499BF1DDC82850002BE23 /* common_util.cpp */; };
		D7E499C41DDC82850002BE23 /* push_relabel.cpp in Sources */ = {isa = PBXBuildFile; fileRef = D7E499C11DDC82850002BE23 /* push_relabel.cpp */; };
/* End PBXBuildFile section */

/* Begin PBXCopyFilesBuildPhase section */
		D7B136FB1DC5C22D00F7B851 /* CopyFiles */ = {
			isa = PBXCopyFilesBuildPhase;
			buildActionMask = 2147483647;
			dstPath = /usr/share/man/man1/;
			dstSubfolderSpec = 0;
			files = (
			);
			runOnlyForDeploymentPostprocessing = 1;
		};
/* End PBXCopyFilesBuildPhase section */

/* Begin PBXFileReference section */
		D745079A1DD33B2600D24E79 /* libc++.tbd */ = {isa = PBXFileReference; lastKnownFileType = "sourcecode.text-based-dylib-definition"; name = "libc++.tbd"; path = "usr/lib/libc++.tbd"; sourceTree = SDKROOT; };
		D7B136FD1DC5C22D00F7B851 /* cplex */ = {isa = PBXFileReference; explicitFileType = "compiled.mach-o.executable"; includeInIndex = 0; path = cplex; sourceTree = BUILT_PRODUCTS_DIR; };
		D7B137001DC5C22D00F7B851 /* main.cpp */ = {isa = PBXFileReference; lastKnownFileType = sourcecode.cpp.cpp; path = main.cpp; sourceTree = "<group>"; };
		D7B137081DC5D8C200F7B851 /* CoreFoundation.framework */ = {isa = PBXFileReference; lastKnownFileType = wrapper.framework; name = CoreFoundation.framework; path = System/Library/Frameworks/CoreFoundation.framework; sourceTree = SDKROOT; };
		D7B1370A1DC5D8CE00F7B851 /* IOKit.framework */ = {isa = PBXFileReference; lastKnownFileType = wrapper.framework; name = IOKit.framework; path = System/Library/Frameworks/IOKit.framework; sourceTree = SDKROOT; };
		D7B1370C1DC5D91000F7B851 /* libconcert.a */ = {isa = PBXFileReference; lastKnownFileType = archive.ar; name = libconcert.a; path = "../../Applications/IBM/ILOG/CPLEX_Studio1263/concert/lib/x86-64_osx/static_pic/libconcert.a"; sourceTree = "<group>"; };
		D7B1370E1DC5D91C00F7B851 /* ILOG */ = {isa = PBXFileReference; lastKnownFileType = folder; name = ILOG; path = ../../Applications/IBM/ILOG; sourceTree = "<group>"; };
		D7B137121DC5D95400F7B851 /* libcplex.a */ = {isa = PBXFileReference; lastKnownFileType = archive.ar; name = libcplex.a; path = "../../Applications/IBM/ILOG/CPLEX_Studio1263/cplex/lib/x86-64_osx/static_pic/libcplex.a"; sourceTree = "<group>"; };
		D7B137131DC5D95400F7B851 /* libcplexdistmip.a */ = {isa = PBXFileReference; lastKnownFileType = archive.ar; name = libcplexdistmip.a; path = "../../Applications/IBM/ILOG/CPLEX_Studio1263/cplex/lib/x86-64_osx/static_pic/libcplexdistmip.a"; sourceTree = "<group>"; };
		D7B137141DC5D95400F7B851 /* libilocplex.a */ = {isa = PBXFileReference; lastKnownFileType = archive.ar; name = libilocplex.a; path = "../../Applications/IBM/ILOG/CPLEX_Studio1263/cplex/lib/x86-64_osx/static_pic/libilocplex.a"; sourceTree = "<group>"; };
		D7E499BB1DDC7D440002BE23 /* validation.cpp */ = {isa = PBXFileReference; fileEncoding = 4; lastKnownFileType = sourcecode.cpp.cpp; path = validation.cpp; sourceTree = "<group>"; };
		D7E499BE1DDC7D5E0002BE23 /* validation.h */ = {isa = PBXFileReference; lastKnownFileType = sourcecode.c.h; path = validation.h; sourceTree = "<group>"; };
		D7E499BF1DDC82850002BE23 /* common_util.cpp */ = {isa = PBXFileReference; fileEncoding = 4; lastKnownFileType = sourcecode.cpp.cpp; path = common_util.cpp; sourceTree = "<group>"; };
		D7E499C01DDC82850002BE23 /* common_util.h */ = {isa = PBXFileReference; fileEncoding = 4; lastKnownFileType = sourcecode.c.h; path = common_util.h; sourceTree = "<group>"; };
		D7E499C11DDC82850002BE23 /* push_relabel.cpp */ = {isa = PBXFileReference; fileEncoding = 4; lastKnownFileType = sourcecode.cpp.cpp; path = push_relabel.cpp; sourceTree = "<group>"; };
		D7E499C21DDC82850002BE23 /* push_relabel.h */ = {isa = PBXFileReference; fileEncoding = 4; lastKnownFileType = sourcecode.c.h; path = push_relabel.h; sourceTree = "<group>"; };
		D7E499C51DDC82A30002BE23 /* edge_info.h */ = {isa = PBXFileReference; lastKnownFileType = sourcecode.c.h; path = edge_info.h; sourceTree = "<group>"; };
/* End PBXFileReference section */

/* Begin PBXFrameworksBuildPhase section */
		D7B136FA1DC5C22D00F7B851 /* Frameworks */ = {
			isa = PBXFrameworksBuildPhase;
			buildActionMask = 2147483647;
			files = (
				D7B137151DC5D95500F7B851 /* libcplex.a in Frameworks */,
				D7B137161DC5D95500F7B851 /* libcplexdistmip.a in Frameworks */,
				D7B137171DC5D95500F7B851 /* libilocplex.a in Frameworks */,
				D7B137111DC5D93D00F7B851 /* libconcert.a in Frameworks */,
				D7B1370B1DC5D8CE00F7B851 /* IOKit.framework in Frameworks */,
				D7B137091DC5D8C200F7B851 /* CoreFoundation.framework in Frameworks */,
			);
			runOnlyForDeploymentPostprocessing = 0;
		};
/* End PBXFrameworksBuildPhase section */

/* Begin PBXGroup section */
		D7B136F41DC5C22D00F7B851 = {
			isa = PBXGroup;
			children = (
				D7B136FF1DC5C22D00F7B851 /* cplex */,
				D7B136FE1DC5C22D00F7B851 /* Products */,
				D7B137071DC5D8C200F7B851 /* Frameworks */,
			);
			sourceTree = "<group>";
		};
		D7B136FE1DC5C22D00F7B851 /* Products */ = {
			isa = PBXGroup;
			children = (
				D7B136FD1DC5C22D00F7B851 /* cplex */,
			);
			name = Products;
			sourceTree = "<group>";
		};
		D7B136FF1DC5C22D00F7B851 /* cplex */ = {
			isa = PBXGroup;
			children = (
				D7E499C51DDC82A30002BE23 /* edge_info.h */,
				D7E499BF1DDC82850002BE23 /* common_util.cpp */,
				D7E499C01DDC82850002BE23 /* common_util.h */,
				D7E499C11DDC82850002BE23 /* push_relabel.cpp */,
				D7E499C21DDC82850002BE23 /* push_relabel.h */,
				D7B137001DC5C22D00F7B851 /* main.cpp */,
				D7E499BB1DDC7D440002BE23 /* validation.cpp */,
				D7E499BE1DDC7D5E0002BE23 /* validation.h */,
			);
			path = cplex;
			sourceTree = "<group>";
		};
		D7B137071DC5D8C200F7B851 /* Frameworks */ = {
			isa = PBXGroup;
			children = (
				D745079A1DD33B2600D24E79 /* libc++.tbd */,
				D7B137121DC5D95400F7B851 /* libcplex.a */,
				D7B137131DC5D95400F7B851 /* libcplexdistmip.a */,
				D7B137141DC5D95400F7B851 /* libilocplex.a */,
				D7B1370E1DC5D91C00F7B851 /* ILOG */,
				D7B1370C1DC5D91000F7B851 /* libconcert.a */,
				D7B1370A1DC5D8CE00F7B851 /* IOKit.framework */,
				D7B137081DC5D8C200F7B851 /* CoreFoundation.framework */,
			);
			name = Frameworks;
			sourceTree = "<group>";
		};
/* End PBXGroup section */

/* Begin PBXNativeTarget section */
		D7B136FC1DC5C22D00F7B851 /* cplex */ = {
			isa = PBXNativeTarget;
			buildConfigurationList = D7B137041DC5C22D00F7B851 /* Build configuration list for PBXNativeTarget "cplex" */;
			buildPhases = (
				D7B136F91DC5C22D00F7B851 /* Sources */,
				D7B136FA1DC5C22D00F7B851 /* Frameworks */,
				D7B136FB1DC5C22D00F7B851 /* CopyFiles */,
			);
			buildRules = (
			);
			dependencies = (
			);
			name = cplex;
			productName = cplex;
			productReference = D7B136FD1DC5C22D00F7B851 /* cplex */;
			productType = "com.apple.product-type.tool";
		};
/* End PBXNativeTarget section */

/* Begin PBXProject section */
		D7B136F51DC5C22D00F7B851 /* Project object */ = {
			isa = PBXProject;
			attributes = {
				LastUpgradeCheck = 0810;
				ORGANIZATIONNAME = ttopre;
				TargetAttributes = {
					D7B136FC1DC5C22D00F7B851 = {
						CreatedOnToolsVersion = 8.1;
						ProvisioningStyle = Automatic;
					};
				};
			};
			buildConfigurationList = D7B136F81DC5C22D00F7B851 /* Build configuration list for PBXProject "cplex" */;
			compatibilityVersion = "Xcode 3.2";
			developmentRegion = English;
			hasScannedForEncodings = 0;
			knownRegions = (
				en,
			);
			mainGroup = D7B136F41DC5C22D00F7B851;
			productRefGroup = D7B136FE1DC5C22D00F7B851 /* Products */;
			projectDirPath = "";
			projectRoot = "";
			targets = (
				D7B136FC1DC5C22D00F7B851 /* cplex */,
			);
		};
/* End PBXProject section */

/* Begin PBXSourcesBuildPhase section */
		D7B136F91DC5C22D00F7B851 /* Sources */ = {
			isa = PBXSourcesBuildPhase;
			buildActionMask = 2147483647;
			files = (
				D7E499BD1DDC7D440002BE23 /* validation.cpp in Sources */,
				D7B137011DC5C22D00F7B851 /* main.cpp in Sources */,
				D7E499C31DDC82850002BE23 /* common_util.cpp in Sources */,
				D7E499C41DDC82850002BE23 /* push_relabel.cpp in Sources */,
			);
			runOnlyForDeploymentPostprocessing = 0;
		};
/* End PBXSourcesBuildPhase section */

/* Begin XCBuildConfiguration section */
		D7B137021DC5C22D00F7B851 /* Debug */ = {
			isa = XCBuildConfiguration;
			buildSettings = {
				ALWAYS_SEARCH_USER_PATHS = NO;
				CLANG_ANALYZER_NONNULL = YES;
				CLANG_CXX_LANGUAGE_STANDARD = "gnu++0x";
				CLANG_CXX_LIBRARY = "libc++";
				CLANG_ENABLE_MODULES = YES;
				CLANG_ENABLE_OBJC_ARC = YES;
				CLANG_WARN_BOOL_CONVERSION = YES;
				CLANG_WARN_CONSTANT_CONVERSION = YES;
				CLANG_WARN_DIRECT_OBJC_ISA_USAGE = YES_ERROR;
				CLANG_WARN_DOCUMENTATION_COMMENTS = YES;
				CLANG_WARN_EMPTY_BODY = YES;
				CLANG_WARN_ENUM_CONVERSION = YES;
				CLANG_WARN_INFINITE_RECURSION = YES;
				CLANG_WARN_INT_CONVERSION = YES;
				CLANG_WARN_OBJC_ROOT_CLASS = YES_ERROR;
				CLANG_WARN_SUSPICIOUS_MOVES = YES;
				CLANG_WARN_UNREACHABLE_CODE = YES;
				CLANG_WARN__DUPLICATE_METHOD_MATCH = YES;
				CODE_SIGN_IDENTITY = "-";
				COPY_PHASE_STRIP = NO;
				DEBUG_INFORMATION_FORMAT = dwarf;
				ENABLE_STRICT_OBJC_MSGSEND = YES;
				ENABLE_TESTABILITY = YES;
				GCC_C_LANGUAGE_STANDARD = gnu99;
				GCC_DYNAMIC_NO_PIC = NO;
				GCC_NO_COMMON_BLOCKS = YES;
				GCC_OPTIMIZATION_LEVEL = 0;
				GCC_PREPROCESSOR_DEFINITIONS = (
					"DEBUG=1",
					"$(inherited)",
				);
				GCC_WARN_64_TO_32_BIT_CONVERSION = YES;
				GCC_WARN_ABOUT_RETURN_TYPE = YES_ERROR;
				GCC_WARN_UNDECLARED_SELECTOR = YES;
				GCC_WARN_UNINITIALIZED_AUTOS = YES_AGGRESSIVE;
				GCC_WARN_UNUSED_FUNCTION = YES;
				GCC_WARN_UNUSED_VARIABLE = YES;
				MACOSX_DEPLOYMENT_TARGET = 10.12;
				MTL_ENABLE_DEBUG_INFO = YES;
				ONLY_ACTIVE_ARCH = YES;
				SDKROOT = macosx;
			};
			name = Debug;
		};
		D7B137031DC5C22D00F7B851 /* Release */ = {
			isa = XCBuildConfiguration;
			buildSettings = {
				ALWAYS_SEARCH_USER_PATHS = NO;
				CLANG_ANALYZER_NONNULL = YES;
				CLANG_CXX_LANGUAGE_STANDARD = "gnu++0x";
				CLANG_CXX_LIBRARY = "libc++";
				CLANG_ENABLE_MODULES = YES;
				CLANG_ENABLE_OBJC_ARC = YES;
				CLANG_WARN_BOOL_CONVERSION = YES;
				CLANG_WARN_CONSTANT_CONVERSION = YES;
				CLANG_WARN_DIRECT_OBJC_ISA_USAGE = YES_ERROR;
				CLANG_WARN_DOCUMENTATION_COMMENTS = YES;
				CLANG_WARN_EMPTY_BODY = YES;
				CLANG_WARN_ENUM_CONVERSION = YES;
				CLANG_WARN_INFINITE_RECURSION = YES;
				CLANG_WARN_INT_CONVERSION = YES;
				CLANG_WARN_OBJC_ROOT_CLASS = YES_ERROR;
				CLANG_WARN_SUSPICIOUS_MOVES = YES;
				CLANG_WARN_UNREACHABLE_CODE = YES;
				CLANG_WARN__DUPLICATE_METHOD_MATCH = YES;
				CODE_SIGN_IDENTITY = "-";
				COPY_PHASE_STRIP = NO;
				DEBUG_INFORMATION_FORMAT = "dwarf-with-dsym";
				ENABLE_NS_ASSERTIONS = NO;
				ENABLE_STRICT_OBJC_MSGSEND = YES;
				GCC_C_LANGUAGE_STANDARD = gnu99;
				GCC_NO_COMMON_BLOCKS = YES;
				GCC_WARN_64_TO_32_BIT_CONVERSION = YES;
				GCC_WARN_ABOUT_RETURN_TYPE = YES_ERROR;
				GCC_WARN_UNDECLARED_SELECTOR = YES;
				GCC_WARN_UNINITIALIZED_AUTOS = YES_AGGRESSIVE;
				GCC_WARN_UNUSED_FUNCTION = YES;
				GCC_WARN_UNUSED_VARIABLE = YES;
				MACOSX_DEPLOYMENT_TARGET = 10.12;
				MTL_ENABLE_DEBUG_INFO = NO;
				SDKROOT = macosx;
			};
			name = Release;
		};
		D7B137051DC5C22D00F7B851 /* Debug */ = {
			isa = XCBuildConfiguration;
			buildSettings = {
				CLANG_CXX_LIBRARY = "libstdc++";
				HEADER_SEARCH_PATHS = (
					/Users/ttopre/Applications/IBM/ILOG/CPLEX_Studio1263/concert/include,
					/Users/ttopre/Applications/IBM/ILOG/CPLEX_Studio1263/cplex/include,
				);
				LIBRARY_SEARCH_PATHS = (
					"/Users/ttopre/Applications/IBM/ILOG/CPLEX_Studio1263/concert/lib/x86-64_osx/static_pic",
					"/Users/ttopre/Applications/IBM/ILOG/CPLEX_Studio1263/cplex/lib/x86-64_osx/static_pic",
				);
				OTHER_CFLAGS = "-DIL_STD";
				PRODUCT_NAME = "$(TARGET_NAME)";
			};
			name = Debug;
		};
		D7B137061DC5C22D00F7B851 /* Release */ = {
			isa = XCBuildConfiguration;
			buildSettings = {
				CLANG_CXX_LIBRARY = "libstdc++";
				HEADER_SEARCH_PATHS = (
					/Users/ttopre/Applications/IBM/ILOG/CPLEX_Studio1263/concert/include,
					/Users/ttopre/Applications/IBM/ILOG/CPLEX_Studio1263/cplex/include,
				);
				LIBRARY_SEARCH_PATHS = (
					"/Users/ttopre/Applications/IBM/ILOG/CPLEX_Studio1263/concert/lib/x86-64_osx/static_pic",
					"/Users/ttopre/Applications/IBM/ILOG/CPLEX_Studio1263/cplex/lib/x86-64_osx/static_pic",
				);
				OTHER_CFLAGS = "-DIL_STD";
				PRODUCT_NAME = "$(TARGET_NAME)";
			};
			name = Release;
		};
/* End XCBuildConfiguration section */

/* Begin XCConfigurationList section */
		D7B136F81DC5C22D00F7B851 /* Build configuration list for PBXProject "cplex" */ = {
			isa = XCConfigurationList;
			buildConfigurations = (
				D7B137021DC5C22D00F7B851 /* Debug */,
				D7B137031DC5C22D00F7B851 /* Release */,
			);
			defaultConfigurationIsVisible = 0;
			defaultConfigurationName = Release;
		};
		D7B137041DC5C22D00F7B851 /* Build configuration list for PBXNativeTarget "cplex" */ = {
			isa = XCConfigurationList;
			buildConfigurations = (
				D7B137051DC5C22D00F7B851 /* Debug */,
				D7B137061DC5C22D00F7B851 /* Release */,
			);
			defaultConfigurationIsVisible = 0;
			defaultConfigurationName = Release;
		};
/* End XCConfigurationList section */
	};
	rootObject = D7B136F51DC5C22D00F7B851 /* Project object */;
}
